// !$*UTF8*$!
{
	archiveVersion = 1;
	classes = {
	};
	objectVersion = 50;
	objects = {

/* Begin PBXBuildFile section */
		511A09DE24754E060050FDC7 /* AppDelegate.swift in Sources */ = {isa = PBXBuildFile; fileRef = 511A09DD24754E060050FDC7 /* AppDelegate.swift */; };
		511A09E024754E060050FDC7 /* SceneDelegate.swift in Sources */ = {isa = PBXBuildFile; fileRef = 511A09DF24754E060050FDC7 /* SceneDelegate.swift */; };
		511A09E224754E060050FDC7 /* ViewController.swift in Sources */ = {isa = PBXBuildFile; fileRef = 511A09E124754E060050FDC7 /* ViewController.swift */; };
		511A09E524754E060050FDC7 /* Main.storyboard in Resources */ = {isa = PBXBuildFile; fileRef = 511A09E324754E060050FDC7 /* Main.storyboard */; };
		511A09E724754E070050FDC7 /* Assets.xcassets in Resources */ = {isa = PBXBuildFile; fileRef = 511A09E624754E070050FDC7 /* Assets.xcassets */; };
		511A09EA24754E070050FDC7 /* LaunchScreen.storyboard in Resources */ = {isa = PBXBuildFile; fileRef = 511A09E824754E070050FDC7 /* LaunchScreen.storyboard */; };
/* End PBXBuildFile section */

/* Begin PBXFileReference section */
		511A09DA24754E060050FDC7 /* Maps.app */ = {isa = PBXFileReference; explicitFileType = wrapper.application; includeInIndex = 0; path = Maps.app; sourceTree = BUILT_PRODUCTS_DIR; };
		511A09DD24754E060050FDC7 /* AppDelegate.swift */ = {isa = PBXFileReference; lastKnownFileType = sourcecode.swift; path = AppDelegate.swift; sourceTree = "<group>"; };
		511A09DF24754E060050FDC7 /* SceneDelegate.swift */ = {isa = PBXFileReference; lastKnownFileType = sourcecode.swift; path = SceneDelegate.swift; sourceTree = "<group>"; };
		511A09E124754E060050FDC7 /* ViewController.swift */ = {isa = PBXFileReference; lastKnownFileType = sourcecode.swift; path = ViewController.swift; sourceTree = "<group>"; };
		511A09E424754E060050FDC7 /* Base */ = {isa = PBXFileReference; lastKnownFileType = file.storyboard; name = Base; path = Base.lproj/Main.storyboard; sourceTree = "<group>"; };
		511A09E624754E070050FDC7 /* Assets.xcassets */ = {isa = PBXFileReference; lastKnownFileType = folder.assetcatalog; path = Assets.xcassets; sourceTree = "<group>"; };
		511A09E924754E070050FDC7 /* Base */ = {isa = PBXFileReference; lastKnownFileType = file.storyboard; name = Base; path = Base.lproj/LaunchScreen.storyboard; sourceTree = "<group>"; };
		511A09EB24754E070050FDC7 /* Info.plist */ = {isa = PBXFileReference; lastKnownFileType = text.plist.xml; path = Info.plist; sourceTree = "<group>"; };
/* End PBXFileReference section */

/* Begin PBXFrameworksBuildPhase section */
		511A09D724754E060050FDC7 /* Frameworks */ = {
			isa = PBXFrameworksBuildPhase;
			buildActionMask = 2147483647;
			files = (
			);
			runOnlyForDeploymentPostprocessing = 0;
		};
/* End PBXFrameworksBuildPhase section */

/* Begin PBXGroup section */
		511A09D124754E060050FDC7 = {
			isa = PBXGroup;
			children = (
				511A09DC24754E060050FDC7 /* Maps */,
				511A09DB24754E060050FDC7 /* Products */,
			);
			sourceTree = "<group>";
		};
		511A09DB24754E060050FDC7 /* Products */ = {
			isa = PBXGroup;
			children = (
				511A09DA24754E060050FDC7 /* Maps.app */,
			);
			name = Products;
			sourceTree = "<group>";
		};
		511A09DC24754E060050FDC7 /* Maps */ = {
			isa = PBXGroup;
			children = (
				511A09DD24754E060050FDC7 /* AppDelegate.swift */,
				511A09DF24754E060050FDC7 /* SceneDelegate.swift */,
				511A09E124754E060050FDC7 /* ViewController.swift */,
				511A09E324754E060050FDC7 /* Main.storyboard */,
				511A09E624754E070050FDC7 /* Assets.xcassets */,
				511A09E824754E070050FDC7 /* LaunchScreen.storyboard */,
				511A09EB24754E070050FDC7 /* Info.plist */,
			);
			path = Maps;
			sourceTree = "<group>";
		};
/* End PBXGroup section */

/* Begin PBXNativeTarget section */
		511A09D924754E060050FDC7 /* Maps */ = {
			isa = PBXNativeTarget;
			buildConfigurationList = 511A09EE24754E070050FDC7 /* Build configuration list for PBXNativeTarget "Maps" */;
			buildPhases = (
				511A09D624754E060050FDC7 /* Sources */,
				511A09D724754E060050FDC7 /* Frameworks */,
				511A09D824754E060050FDC7 /* Resources */,
			);
			buildRules = (
			);
			dependencies = (
			);
			name = Maps;
			productName = Maps;
			productReference = 511A09DA24754E060050FDC7 /* Maps.app */;
			productType = "com.apple.product-type.application";
		};
/* End PBXNativeTarget section */

/* Begin PBXProject section */
		511A09D224754E060050FDC7 /* Project object */ = {
			isa = PBXProject;
			attributes = {
				LastSwiftUpdateCheck = 1130;
				LastUpgradeCheck = 1130;
				ORGANIZATIONNAME = TrungLD;
				TargetAttributes = {
					511A09D924754E060050FDC7 = {
						CreatedOnToolsVersion = 11.3.1;
					};
				};
			};
			buildConfigurationList = 511A09D524754E060050FDC7 /* Build configuration list for PBXProject "Maps" */;
			compatibilityVersion = "Xcode 9.3";
			developmentRegion = en;
			hasScannedForEncodings = 0;
			knownRegions = (
				en,
				Base,
			);
			mainGroup = 511A09D124754E060050FDC7;
			productRefGroup = 511A09DB24754E060050FDC7 /* Products */;
			projectDirPath = "";
			projectRoot = "";
			targets = (
				511A09D924754E060050FDC7 /* Maps */,
			);
		};
/* End PBXProject section */

/* Begin PBXResourcesBuildPhase section */
		511A09D824754E060050FDC7 /* Resources */ = {
			isa = PBXResourcesBuildPhase;
			buildActionMask = 2147483647;
			files = (
				511A09EA24754E070050FDC7 /* LaunchScreen.storyboard in Resources */,
				511A09E724754E070050FDC7 /* Assets.xcassets in Resources */,
				511A09E524754E060050FDC7 /* Main.storyboard in Resources */,
			);
			runOnlyForDeploymentPostprocessing = 0;
		};
/* End PBXResourcesBuildPhase section */

/* Begin PBXSourcesBuildPhase section */
		511A09D624754E060050FDC7 /* Sources */ = {
			isa = PBXSourcesBuildPhase;
			buildActionMask = 2147483647;
			files = (
				511A09E224754E060050FDC7 /* ViewController.swift in Sources */,
				511A09DE24754E060050FDC7 /* AppDelegate.swift in Sources */,
				511A09E024754E060050FDC7 /* SceneDelegate.swift in Sources */,
			);
			runOnlyForDeploymentPostprocessing = 0;
		};
/* End PBXSourcesBuildPhase section */

/* Begin PBXVariantGroup section */
		511A09E324754E060050FDC7 /* Main.storyboard */ = {
			isa = PBXVariantGroup;
			children = (
				511A09E424754E060050FDC7 /* Base */,
			);
			name = Main.storyboard;
			sourceTree = "<group>";
		};
		511A09E824754E070050FDC7 /* LaunchScreen.storyboard */ = {
			isa = PBXVariantGroup;
			children = (
				511A09E924754E070050FDC7 /* Base */,
			);
			name = LaunchScreen.storyboard;
			sourceTree = "<group>";
		};
/* End PBXVariantGroup section */

/* Begin XCBuildConfiguration section */
		511A09EC24754E070050FDC7 /* Debug */ = {
			isa = XCBuildConfiguration;
			buildSettings = {
				ALWAYS_SEARCH_USER_PATHS = NO;
				CLANG_ANALYZER_NONNULL = YES;
				CLANG_ANALYZER_NUMBER_OBJECT_CONVERSION = YES_AGGRESSIVE;
				CLANG_CXX_LANGUAGE_STANDARD = "gnu++14";
				CLANG_CXX_LIBRARY = "libc++";
				CLANG_ENABLE_MODULES = YES;
				CLANG_ENABLE_OBJC_ARC = YES;
				CLANG_ENABLE_OBJC_WEAK = YES;
				CLANG_WARN_BLOCK_CAPTURE_AUTORELEASING = YES;
				CLANG_WARN_BOOL_CONVERSION = YES;
				CLANG_WARN_COMMA = YES;
				CLANG_WARN_CONSTANT_CONVERSION = YES;
				CLANG_WARN_DEPRECATED_OBJC_IMPLEMENTATIONS = YES;
				CLANG_WARN_DIRECT_OBJC_ISA_USAGE = YES_ERROR;
				CLANG_WARN_DOCUMENTATION_COMMENTS = YES;
				CLANG_WARN_EMPTY_BODY = YES;
				CLANG_WARN_ENUM_CONVERSION = YES;
				CLANG_WARN_INFINITE_RECURSION = YES;
				CLANG_WARN_INT_CONVERSION = YES;
				CLANG_WARN_NON_LITERAL_NULL_CONVERSION = YES;
				CLANG_WARN_OBJC_IMPLICIT_RETAIN_SELF = YES;
				CLANG_WARN_OBJC_LITERAL_CONVERSION = YES;
				CLANG_WARN_OBJC_ROOT_CLASS = YES_ERROR;
				CLANG_WARN_RANGE_LOOP_ANALYSIS = YES;
				CLANG_WARN_STRICT_PROTOTYPES = YES;
				CLANG_WARN_SUSPICIOUS_MOVE = YES;
				CLANG_WARN_UNGUARDED_AVAILABILITY = YES_AGGRESSIVE;
				CLANG_WARN_UNREACHABLE_CODE = YES;
				CLANG_WARN__DUPLICATE_METHOD_MATCH = YES;
				COPY_PHASE_STRIP = NO;
				DEBUG_INFORMATION_FORMAT = dwarf;
				ENABLE_STRICT_OBJC_MSGSEND = YES;
				ENABLE_TESTABILITY = YES;
				GCC_C_LANGUAGE_STANDARD = gnu11;
				GCC_DYNAMIC_NO_PIC = NO;
				GCC_NO_COMMON_BLOCKS = YES;
				GCC_OPTIMIZATION_LEVEL = 0;
				GCC_PREPROCESSOR_DEFINITIONS = (
					"DEBUG=1",
					"$(inherited)",
				);
				GCC_WARN_64_TO_32_BIT_CONVERSION = YES;
				GCC_WARN_ABOUT_RETURN_TYPE = YES_ERROR;
				GCC_WARN_UNDECLARED_SELECTOR = YES;
				GCC_WARN_UNINITIALIZED_AUTOS = YES_AGGRESSIVE;
				GCC_WARN_UNUSED_FUNCTION = YES;
				GCC_WARN_UNUSED_VARIABLE = YES;
				IPHONEOS_DEPLOYMENT_TARGET = 13.2;
				MTL_ENABLE_DEBUG_INFO = INCLUDE_SOURCE;
				MTL_FAST_MATH = YES;
				ONLY_ACTIVE_ARCH = YES;
				SDKROOT = iphoneos;
				SWIFT_ACTIVE_COMPILATION_CONDITIONS = DEBUG;
				SWIFT_OPTIMIZATION_LEVEL = "-Onone";
			};
			name = Debug;
		};
		511A09ED24754E070050FDC7 /* Release */ = {
			isa = XCBuildConfiguration;
			buildSettings = {
				ALWAYS_SEARCH_USER_PATHS = NO;
				CLANG_ANALYZER_NONNULL = YES;
				CLANG_ANALYZER_NUMBER_OBJECT_CONVERSION = YES_AGGRESSIVE;
				CLANG_CXX_LANGUAGE_STANDARD = "gnu++14";
				CLANG_CXX_LIBRARY = "libc++";
				CLANG_ENABLE_MODULES = YES;
				CLANG_ENABLE_OBJC_ARC = YES;
				CLANG_ENABLE_OBJC_WEAK = YES;
				CLANG_WARN_BLOCK_CAPTURE_AUTORELEASING = YES;
				CLANG_WARN_BOOL_CONVERSION = YES;
				CLANG_WARN_COMMA = YES;
				CLANG_WARN_CONSTANT_CONVERSION = YES;
				CLANG_WARN_DEPRECATED_OBJC_IMPLEMENTATIONS = YES;
				CLANG_WARN_DIRECT_OBJC_ISA_USAGE = YES_ERROR;
				CLANG_WARN_DOCUMENTATION_COMMENTS = YES;
				CLANG_WARN_EMPTY_BODY = YES;
				CLANG_WARN_ENUM_CONVERSION = YES;
				CLANG_WARN_INFINITE_RECURSION = YES;
				CLANG_WARN_INT_CONVERSION = YES;
				CLANG_WARN_NON_LITERAL_NULL_CONVERSION = YES;
				CLANG_WARN_OBJC_IMPLICIT_RETAIN_SELF = YES;
				CLANG_WARN_OBJC_LITERAL_CONVERSION = YES;
				CLANG_WARN_OBJC_ROOT_CLASS = YES_ERROR;
				CLANG_WARN_RANGE_LOOP_ANALYSIS = YES;
				CLANG_WARN_STRICT_PROTOTYPES = YES;
				CLANG_WARN_SUSPICIOUS_MOVE = YES;
				CLANG_WARN_UNGUARDED_AVAILABILITY = YES_AGGRESSIVE;
				CLANG_WARN_UNREACHABLE_CODE = YES;
				CLANG_WARN__DUPLICATE_METHOD_MATCH = YES;
				COPY_PHASE_STRIP = NO;
				DEBUG_INFORMATION_FORMAT = "dwarf-with-dsym";
				ENABLE_NS_ASSERTIONS = NO;
				ENABLE_STRICT_OBJC_MSGSEND = YES;
				GCC_C_LANGUAGE_STANDARD = gnu11;
				GCC_NO_COMMON_BLOCKS = YES;
				GCC_WARN_64_TO_32_BIT_CONVERSION = YES;
				GCC_WARN_ABOUT_RETURN_TYPE = YES_ERROR;
				GCC_WARN_UNDECLARED_SELECTOR = YES;
				GCC_WARN_UNINITIALIZED_AUTOS = YES_AGGRESSIVE;
				GCC_WARN_UNUSED_FUNCTION = YES;
				GCC_WARN_UNUSED_VARIABLE = YES;
				IPHONEOS_DEPLOYMENT_TARGET = 13.2;
				MTL_ENABLE_DEBUG_INFO = NO;
				MTL_FAST_MATH = YES;
				SDKROOT = iphoneos;
				SWIFT_COMPILATION_MODE = wholemodule;
				SWIFT_OPTIMIZATION_LEVEL = "-O";
				VALIDATE_PRODUCT = YES;
			};
			name = Release;
		};
		511A09EF24754E070050FDC7 /* Debug */ = {
			isa = XCBuildConfiguration;
			buildSettings = {
				ASSETCATALOG_COMPILER_APPICON_NAME = AppIcon;
				CODE_SIGN_STYLE = Automatic;
				DEVELOPMENT_TEAM = 7QAVMNKXN5;
				INFOPLIST_FILE = Maps/Info.plist;
				LD_RUNPATH_SEARCH_PATHS = (
					"$(inherited)",
					"@executable_path/Frameworks",
				);
				PRODUCT_BUNDLE_IDENTIFIER = trungLD.Maps;
				PRODUCT_NAME = "$(TARGET_NAME)";
				SWIFT_VERSION = 5.0;
				TARGETED_DEVICE_FAMILY = "1,2";
			};
			name = Debug;
		};
		511A09F024754E070050FDC7 /* Release */ = {
			isa = XCBuildConfiguration;
			buildSettings = {
				ASSETCATALOG_COMPILER_APPICON_NAME = AppIcon;
				CODE_SIGN_STYLE = Automatic;
				DEVELOPMENT_TEAM = 7QAVMNKXN5;
				INFOPLIST_FILE = Maps/Info.plist;
				LD_RUNPATH_SEARCH_PATHS = (
					"$(inherited)",
					"@executable_path/Frameworks",
				);
				PRODUCT_BUNDLE_IDENTIFIER = trungLD.Maps;
				PRODUCT_NAME = "$(TARGET_NAME)";
				SWIFT_VERSION = 5.0;
				TARGETED_DEVICE_FAMILY = "1,2";
			};
			name = Release;
		};
/* End XCBuildConfiguration section */

/* Begin XCConfigurationList section */
		511A09D524754E060050FDC7 /* Build configuration list for PBXProject "Maps" */ = {
			isa = XCConfigurationList;
			buildConfigurations = (
				511A09EC24754E070050FDC7 /* Debug */,
				511A09ED24754E070050FDC7 /* Release */,
			);
			defaultConfigurationIsVisible = 0;
			defaultConfigurationName = Release;
		};
		511A09EE24754E070050FDC7 /* Build configuration list for PBXNativeTarget "Maps" */ = {
			isa = XCConfigurationList;
			buildConfigurations = (
				511A09EF24754E070050FDC7 /* Debug */,
				511A09F024754E070050FDC7 /* Release */,
			);
			defaultConfigurationIsVisible = 0;
			defaultConfigurationName = Release;
		};
/* End XCConfigurationList section */
	};
	rootObject = 511A09D224754E060050FDC7 /* Project object */;
}
